
Microsoft Visual Studio Solution File, Format Version 12.00
# Visual Studio Version 16
VisualStudioVersion = 16.0.30413.136
MinimumVisualStudioVersion = 10.0.40219.1
Project("{FAE04EC0-301F-11D3-BF4B-00C04F79EFBC}") = "BankCustomerRelations", "BankCustomerRelations\BankCustomerRelations.csproj", "{51097A96-8CC7-4B3E-879E-5EE3C48A1D22}"
EndProject
Global
	GlobalSection(SolutionConfigurationPlatforms) = preSolution
		Debug|Any CPU = Debug|Any CPU
		Release|Any CPU = Release|Any CPU
	EndGlobalSection
	GlobalSection(ProjectConfigurationPlatforms) = postSolution
		{51097A96-8CC7-4B3E-879E-5EE3C48A1D22}.Debug|Any CPU.ActiveCfg = Debug|Any CPU
		{51097A96-8CC7-4B3E-879E-5EE3C48A1D22}.Debug|Any CPU.Build.0 = Debug|Any CPU
		{51097A96-8CC7-4B3E-879E-5EE3C48A1D22}.Release|Any CPU.ActiveCfg = Release|Any CPU
		{51097A96-8CC7-4B3E-879E-5EE3C48A1D22}.Release|Any CPU.Build.0 = Release|Any CPU
	EndGlobalSection
	GlobalSection(SolutionProperties) = preSolution
		HideSolutionNode = FALSE
	EndGlobalSection
	GlobalSection(ExtensibilityGlobals) = postSolution
		SolutionGuid = {2D437D8E-A6E3-4E18-A5C1-868DDEE714C8}
	EndGlobalSection
EndGlobal
